// !$*UTF8*$!
{
	archiveVersion = 1;
	classes = {
	};
	objectVersion = 48;
	objects = {

/* Begin PBXBuildFile section */
		0939C133B1602A0E228E5EBC /* Pods_Dome.framework in Frameworks */ = {isa = PBXBuildFile; fileRef = B51EC639A43918DE435BBA60 /* Pods_Dome.framework */; };
		203B9C7E1FDE741E00AA7B52 /* AppDelegate.swift in Sources */ = {isa = PBXBuildFile; fileRef = 203B9C7D1FDE741E00AA7B52 /* AppDelegate.swift */; };
		203B9C801FDE741E00AA7B52 /* ViewController.swift in Sources */ = {isa = PBXBuildFile; fileRef = 203B9C7F1FDE741E00AA7B52 /* ViewController.swift */; };
		203B9C831FDE741E00AA7B52 /* Main.storyboard in Resources */ = {isa = PBXBuildFile; fileRef = 203B9C811FDE741E00AA7B52 /* Main.storyboard */; };
		203B9C851FDE741E00AA7B52 /* Assets.xcassets in Resources */ = {isa = PBXBuildFile; fileRef = 203B9C841FDE741E00AA7B52 /* Assets.xcassets */; };
		203B9C881FDE741E00AA7B52 /* LaunchScreen.storyboard in Resources */ = {isa = PBXBuildFile; fileRef = 203B9C861FDE741E00AA7B52 /* LaunchScreen.storyboard */; };
		20B1DF251FE0D75300313216 /* testViewController.swift in Sources */ = {isa = PBXBuildFile; fileRef = 20B1DF241FE0D75300313216 /* testViewController.swift */; };
/* End PBXBuildFile section */

/* Begin PBXFileReference section */
		203B9C7A1FDE741E00AA7B52 /* Dome.app */ = {isa = PBXFileReference; explicitFileType = wrapper.application; includeInIndex = 0; path = Dome.app; sourceTree = BUILT_PRODUCTS_DIR; };
		203B9C7D1FDE741E00AA7B52 /* AppDelegate.swift */ = {isa = PBXFileReference; lastKnownFileType = sourcecode.swift; path = AppDelegate.swift; sourceTree = "<group>"; };
		203B9C7F1FDE741E00AA7B52 /* ViewController.swift */ = {isa = PBXFileReference; lastKnownFileType = sourcecode.swift; path = ViewController.swift; sourceTree = "<group>"; };
		203B9C821FDE741E00AA7B52 /* Base */ = {isa = PBXFileReference; lastKnownFileType = file.storyboard; name = Base; path = Base.lproj/Main.storyboard; sourceTree = "<group>"; };
		203B9C841FDE741E00AA7B52 /* Assets.xcassets */ = {isa = PBXFileReference; lastKnownFileType = folder.assetcatalog; path = Assets.xcassets; sourceTree = "<group>"; };
		203B9C871FDE741E00AA7B52 /* Base */ = {isa = PBXFileReference; lastKnownFileType = file.storyboard; name = Base; path = Base.lproj/LaunchScreen.storyboard; sourceTree = "<group>"; };
		203B9C891FDE741E00AA7B52 /* Info.plist */ = {isa = PBXFileReference; lastKnownFileType = text.plist.xml; path = Info.plist; sourceTree = "<group>"; };
		20B1DF241FE0D75300313216 /* testViewController.swift */ = {isa = PBXFileReference; lastKnownFileType = sourcecode.swift; path = testViewController.swift; sourceTree = "<group>"; };
		4880FF187E55684E9054B111 /* Pods-Dome.debug.xcconfig */ = {isa = PBXFileReference; includeInIndex = 1; lastKnownFileType = text.xcconfig; name = "Pods-Dome.debug.xcconfig"; path = "Pods/Target Support Files/Pods-Dome/Pods-Dome.debug.xcconfig"; sourceTree = "<group>"; };
		B51EC639A43918DE435BBA60 /* Pods_Dome.framework */ = {isa = PBXFileReference; explicitFileType = wrapper.framework; includeInIndex = 0; path = Pods_Dome.framework; sourceTree = BUILT_PRODUCTS_DIR; };
		C077C1ED44DF300FB3EA3DD9 /* Pods-Dome.release.xcconfig */ = {isa = PBXFileReference; includeInIndex = 1; lastKnownFileType = text.xcconfig; name = "Pods-Dome.release.xcconfig"; path = "Pods/Target Support Files/Pods-Dome/Pods-Dome.release.xcconfig"; sourceTree = "<group>"; };
/* End PBXFileReference section */

/* Begin PBXFrameworksBuildPhase section */
		203B9C771FDE741E00AA7B52 /* Frameworks */ = {
			isa = PBXFrameworksBuildPhase;
			buildActionMask = 2147483647;
			files = (
				0939C133B1602A0E228E5EBC /* Pods_Dome.framework in Frameworks */,
			);
			runOnlyForDeploymentPostprocessing = 0;
		};
/* End PBXFrameworksBuildPhase section */

/* Begin PBXGroup section */
		203B9C711FDE741E00AA7B52 = {
			isa = PBXGroup;
			children = (
				203B9C7C1FDE741E00AA7B52 /* Dome */,
				203B9C7B1FDE741E00AA7B52 /* Products */,
				EC9FE65FA823131991C268CD /* Pods */,
				CEC537D0CC29273251876EB9 /* Frameworks */,
			);
			sourceTree = "<group>";
		};
		203B9C7B1FDE741E00AA7B52 /* Products */ = {
			isa = PBXGroup;
			children = (
				203B9C7A1FDE741E00AA7B52 /* Dome.app */,
			);
			name = Products;
			sourceTree = "<group>";
		};
		203B9C7C1FDE741E00AA7B52 /* Dome */ = {
			isa = PBXGroup;
			children = (
				203B9C7D1FDE741E00AA7B52 /* AppDelegate.swift */,
				203B9C7F1FDE741E00AA7B52 /* ViewController.swift */,
				20B1DF241FE0D75300313216 /* testViewController.swift */,
				203B9C811FDE741E00AA7B52 /* Main.storyboard */,
				203B9C841FDE741E00AA7B52 /* Assets.xcassets */,
				203B9C861FDE741E00AA7B52 /* LaunchScreen.storyboard */,
				203B9C891FDE741E00AA7B52 /* Info.plist */,
			);
			path = Dome;
			sourceTree = "<group>";
		};
		CEC537D0CC29273251876EB9 /* Frameworks */ = {
			isa = PBXGroup;
			children = (
				B51EC639A43918DE435BBA60 /* Pods_Dome.framework */,
			);
			name = Frameworks;
			sourceTree = "<group>";
		};
		EC9FE65FA823131991C268CD /* Pods */ = {
			isa = PBXGroup;
			children = (
				4880FF187E55684E9054B111 /* Pods-Dome.debug.xcconfig */,
				C077C1ED44DF300FB3EA3DD9 /* Pods-Dome.release.xcconfig */,
			);
			name = Pods;
			sourceTree = "<group>";
		};
/* End PBXGroup section */

/* Begin PBXNativeTarget section */
		203B9C791FDE741E00AA7B52 /* Dome */ = {
			isa = PBXNativeTarget;
			buildConfigurationList = 203B9C8C1FDE741E00AA7B52 /* Build configuration list for PBXNativeTarget "Dome" */;
			buildPhases = (
				2698A4AC2B753813F42C7DFB /* [CP] Check Pods Manifest.lock */,
				203B9C761FDE741E00AA7B52 /* Sources */,
				203B9C771FDE741E00AA7B52 /* Frameworks */,
				203B9C781FDE741E00AA7B52 /* Resources */,
				6E3E8A9D561D38796699ED0D /* [CP] Embed Pods Frameworks */,
				908A2B933A0DE853C7ACA866 /* [CP] Copy Pods Resources */,
			);
			buildRules = (
			);
			dependencies = (
			);
			name = Dome;
			productName = Dome;
			productReference = 203B9C7A1FDE741E00AA7B52 /* Dome.app */;
			productType = "com.apple.product-type.application";
		};
/* End PBXNativeTarget section */

/* Begin PBXProject section */
		203B9C721FDE741E00AA7B52 /* Project object */ = {
			isa = PBXProject;
			attributes = {
				LastSwiftUpdateCheck = 0910;
				LastUpgradeCheck = 0910;
				ORGANIZATIONNAME = "邵焕超";
				TargetAttributes = {
					203B9C791FDE741E00AA7B52 = {
						CreatedOnToolsVersion = 9.1;
						ProvisioningStyle = Automatic;
					};
				};
			};
			buildConfigurationList = 203B9C751FDE741E00AA7B52 /* Build configuration list for PBXProject "Dome" */;
			compatibilityVersion = "Xcode 8.0";
			developmentRegion = en;
			hasScannedForEncodings = 0;
			knownRegions = (
				en,
				Base,
			);
			mainGroup = 203B9C711FDE741E00AA7B52;
			productRefGroup = 203B9C7B1FDE741E00AA7B52 /* Products */;
			projectDirPath = "";
			projectRoot = "";
			targets = (
				203B9C791FDE741E00AA7B52 /* Dome */,
			);
		};
/* End PBXProject section */

/* Begin PBXResourcesBuildPhase section */
		203B9C781FDE741E00AA7B52 /* Resources */ = {
			isa = PBXResourcesBuildPhase;
			buildActionMask = 2147483647;
			files = (
				203B9C881FDE741E00AA7B52 /* LaunchScreen.storyboard in Resources */,
				203B9C851FDE741E00AA7B52 /* Assets.xcassets in Resources */,
				203B9C831FDE741E00AA7B52 /* Main.storyboard in Resources */,
			);
			runOnlyForDeploymentPostprocessing = 0;
		};
/* End PBXResourcesBuildPhase section */

/* Begin PBXShellScriptBuildPhase section */
		2698A4AC2B753813F42C7DFB /* [CP] Check Pods Manifest.lock */ = {
			isa = PBXShellScriptBuildPhase;
			buildActionMask = 2147483647;
			files = (
			);
			inputPaths = (
				"${PODS_PODFILE_DIR_PATH}/Podfile.lock",
				"${PODS_ROOT}/Manifest.lock",
			);
			name = "[CP] Check Pods Manifest.lock";
			outputPaths = (
				"$(DERIVED_FILE_DIR)/Pods-Dome-checkManifestLockResult.txt",
			);
			runOnlyForDeploymentPostprocessing = 0;
			shellPath = /bin/sh;
			shellScript = "diff \"${PODS_PODFILE_DIR_PATH}/Podfile.lock\" \"${PODS_ROOT}/Manifest.lock\" > /dev/null\nif [ $? != 0 ] ; then\n    # print error to STDERR\n    echo \"error: The sandbox is not in sync with the Podfile.lock. Run 'pod install' or update your CocoaPods installation.\" >&2\n    exit 1\nfi\n# This output is used by Xcode 'outputs' to avoid re-running this script phase.\necho \"SUCCESS\" > \"${SCRIPT_OUTPUT_FILE_0}\"\n";
			showEnvVarsInLog = 0;
		};
		6E3E8A9D561D38796699ED0D /* [CP] Embed Pods Frameworks */ = {
			isa = PBXShellScriptBuildPhase;
			buildActionMask = 2147483647;
			files = (
			);
			inputPaths = (
				"${SRCROOT}/Pods/Target Support Files/Pods-Dome/Pods-Dome-frameworks.sh",
				"${BUILT_PRODUCTS_DIR}/SHCRefresh/SHCRefresh.framework",
			);
			name = "[CP] Embed Pods Frameworks";
			outputPaths = (
				"${TARGET_BUILD_DIR}/${FRAMEWORKS_FOLDER_PATH}/SHCRefresh.framework",
			);
			runOnlyForDeploymentPostprocessing = 0;
			shellPath = /bin/sh;
			shellScript = "\"${SRCROOT}/Pods/Target Support Files/Pods-Dome/Pods-Dome-frameworks.sh\"\n";
			showEnvVarsInLog = 0;
		};
		908A2B933A0DE853C7ACA866 /* [CP] Copy Pods Resources */ = {
			isa = PBXShellScriptBuildPhase;
			buildActionMask = 2147483647;
			files = (
			);
			inputPaths = (
			);
			name = "[CP] Copy Pods Resources";
			outputPaths = (
			);
			runOnlyForDeploymentPostprocessing = 0;
			shellPath = /bin/sh;
			shellScript = "\"${SRCROOT}/Pods/Target Support Files/Pods-Dome/Pods-Dome-resources.sh\"\n";
			showEnvVarsInLog = 0;
		};
/* End PBXShellScriptBuildPhase section */

/* Begin PBXSourcesBuildPhase section */
		203B9C761FDE741E00AA7B52 /* Sources */ = {
			isa = PBXSourcesBuildPhase;
			buildActionMask = 2147483647;
			files = (
				20B1DF251FE0D75300313216 /* testViewController.swift in Sources */,
				203B9C801FDE741E00AA7B52 /* ViewController.swift in Sources */,
				203B9C7E1FDE741E00AA7B52 /* AppDelegate.swift in Sources */,
			);
			runOnlyForDeploymentPostprocessing = 0;
		};
/* End PBXSourcesBuildPhase section */

/* Begin PBXVariantGroup section */
		203B9C811FDE741E00AA7B52 /* Main.storyboard */ = {
			isa = PBXVariantGroup;
			children = (
				203B9C821FDE741E00AA7B52 /* Base */,
			);
			name = Main.storyboard;
			sourceTree = "<group>";
		};
		203B9C861FDE741E00AA7B52 /* LaunchScreen.storyboard */ = {
			isa = PBXVariantGroup;
			children = (
				203B9C871FDE741E00AA7B52 /* Base */,
			);
			name = LaunchScreen.storyboard;
			sourceTree = "<group>";
		};
/* End PBXVariantGroup section */

/* Begin XCBuildConfiguration section */
		203B9C8A1FDE741E00AA7B52 /* Debug */ = {
			isa = XCBuildConfiguration;
			buildSettings = {
				ALWAYS_SEARCH_USER_PATHS = NO;
				CLANG_ANALYZER_NONNULL = YES;
				CLANG_ANALYZER_NUMBER_OBJECT_CONVERSION = YES_AGGRESSIVE;
				CLANG_CXX_LANGUAGE_STANDARD = "gnu++14";
				CLANG_CXX_LIBRARY = "libc++";
				CLANG_ENABLE_MODULES = YES;
				CLANG_ENABLE_OBJC_ARC = YES;
				CLANG_WARN_BLOCK_CAPTURE_AUTORELEASING = YES;
				CLANG_WARN_BOOL_CONVERSION = YES;
				CLANG_WARN_COMMA = YES;
				CLANG_WARN_CONSTANT_CONVERSION = YES;
				CLANG_WARN_DIRECT_OBJC_ISA_USAGE = YES_ERROR;
				CLANG_WARN_DOCUMENTATION_COMMENTS = YES;
				CLANG_WARN_EMPTY_BODY = YES;
				CLANG_WARN_ENUM_CONVERSION = YES;
				CLANG_WARN_INFINITE_RECURSION = YES;
				CLANG_WARN_INT_CONVERSION = YES;
				CLANG_WARN_NON_LITERAL_NULL_CONVERSION = YES;
				CLANG_WARN_OBJC_LITERAL_CONVERSION = YES;
				CLANG_WARN_OBJC_ROOT_CLASS = YES_ERROR;
				CLANG_WARN_RANGE_LOOP_ANALYSIS = YES;
				CLANG_WARN_STRICT_PROTOTYPES = YES;
				CLANG_WARN_SUSPICIOUS_MOVE = YES;
				CLANG_WARN_UNGUARDED_AVAILABILITY = YES_AGGRESSIVE;
				CLANG_WARN_UNREACHABLE_CODE = YES;
				CLANG_WARN__DUPLICATE_METHOD_MATCH = YES;
				CODE_SIGN_IDENTITY = "iPhone Developer";
				COPY_PHASE_STRIP = NO;
				DEBUG_INFORMATION_FORMAT = dwarf;
				ENABLE_STRICT_OBJC_MSGSEND = YES;
				ENABLE_TESTABILITY = YES;
				GCC_C_LANGUAGE_STANDARD = gnu11;
				GCC_DYNAMIC_NO_PIC = NO;
				GCC_NO_COMMON_BLOCKS = YES;
				GCC_OPTIMIZATION_LEVEL = 0;
				GCC_PREPROCESSOR_DEFINITIONS = (
					"DEBUG=1",
					"$(inherited)",
				);
				GCC_WARN_64_TO_32_BIT_CONVERSION = YES;
				GCC_WARN_ABOUT_RETURN_TYPE = YES_ERROR;
				GCC_WARN_UNDECLARED_SELECTOR = YES;
				GCC_WARN_UNINITIALIZED_AUTOS = YES_AGGRESSIVE;
				GCC_WARN_UNUSED_FUNCTION = YES;
				GCC_WARN_UNUSED_VARIABLE = YES;
				IPHONEOS_DEPLOYMENT_TARGET = 11.1;
				MTL_ENABLE_DEBUG_INFO = YES;
				ONLY_ACTIVE_ARCH = YES;
				SDKROOT = iphoneos;
				SWIFT_ACTIVE_COMPILATION_CONDITIONS = DEBUG;
				SWIFT_OPTIMIZATION_LEVEL = "-Onone";
			};
			name = Debug;
		};
		203B9C8B1FDE741E00AA7B52 /* Release */ = {
			isa = XCBuildConfiguration;
			buildSettings = {
				ALWAYS_SEARCH_USER_PATHS = NO;
				CLANG_ANALYZER_NONNULL = YES;
				CLANG_ANALYZER_NUMBER_OBJECT_CONVERSION = YES_AGGRESSIVE;
				CLANG_CXX_LANGUAGE_STANDARD = "gnu++14";
				CLANG_CXX_LIBRARY = "libc++";
				CLANG_ENABLE_MODULES = YES;
				CLANG_ENABLE_OBJC_ARC = YES;
				CLANG_WARN_BLOCK_CAPTURE_AUTORELEASING = YES;
				CLANG_WARN_BOOL_CONVERSION = YES;
				CLANG_WARN_COMMA = YES;
				CLANG_WARN_CONSTANT_CONVERSION = YES;
				CLANG_WARN_DIRECT_OBJC_ISA_USAGE = YES_ERROR;
				CLANG_WARN_DOCUMENTATION_COMMENTS = YES;
				CLANG_WARN_EMPTY_BODY = YES;
				CLANG_WARN_ENUM_CONVERSION = YES;
				CLANG_WARN_INFINITE_RECURSION = YES;
				CLANG_WARN_INT_CONVERSION = YES;
				CLANG_WARN_NON_LITERAL_NULL_CONVERSION = YES;
				CLANG_WARN_OBJC_LITERAL_CONVERSION = YES;
				CLANG_WARN_OBJC_ROOT_CLASS = YES_ERROR;
				CLANG_WARN_RANGE_LOOP_ANALYSIS = YES;
				CLANG_WARN_STRICT_PROTOTYPES = YES;
				CLANG_WARN_SUSPICIOUS_MOVE = YES;
				CLANG_WARN_UNGUARDED_AVAILABILITY = YES_AGGRESSIVE;
				CLANG_WARN_UNREACHABLE_CODE = YES;
				CLANG_WARN__DUPLICATE_METHOD_MATCH = YES;
				CODE_SIGN_IDENTITY = "iPhone Developer";
				COPY_PHASE_STRIP = NO;
				DEBUG_INFORMATION_FORMAT = "dwarf-with-dsym";
				ENABLE_NS_ASSERTIONS = NO;
				ENABLE_STRICT_OBJC_MSGSEND = YES;
				GCC_C_LANGUAGE_STANDARD = gnu11;
				GCC_NO_COMMON_BLOCKS = YES;
				GCC_WARN_64_TO_32_BIT_CONVERSION = YES;
				GCC_WARN_ABOUT_RETURN_TYPE = YES_ERROR;
				GCC_WARN_UNDECLARED_SELECTOR = YES;
				GCC_WARN_UNINITIALIZED_AUTOS = YES_AGGRESSIVE;
				GCC_WARN_UNUSED_FUNCTION = YES;
				GCC_WARN_UNUSED_VARIABLE = YES;
				IPHONEOS_DEPLOYMENT_TARGET = 11.1;
				MTL_ENABLE_DEBUG_INFO = NO;
				SDKROOT = iphoneos;
				SWIFT_OPTIMIZATION_LEVEL = "-Owholemodule";
				VALIDATE_PRODUCT = YES;
			};
			name = Release;
		};
		203B9C8D1FDE741E00AA7B52 /* Debug */ = {
			isa = XCBuildConfiguration;
			baseConfigurationReference = 4880FF187E55684E9054B111 /* Pods-Dome.debug.xcconfig */;
			buildSettings = {
				ASSETCATALOG_COMPILER_APPICON_NAME = AppIcon;
				CODE_SIGN_STYLE = Automatic;
				DEVELOPMENT_TEAM = 68T7C6BBM4;
				INFOPLIST_FILE = Dome/Info.plist;
				IPHONEOS_DEPLOYMENT_TARGET = 9.0;
				LD_RUNPATH_SEARCH_PATHS = "$(inherited) @executable_path/Frameworks";
				PRODUCT_BUNDLE_IDENTIFIER = SHCcgg.Dome;
				PRODUCT_NAME = "$(TARGET_NAME)";
				SWIFT_VERSION = 4.0;
				TARGETED_DEVICE_FAMILY = "1,2";
			};
			name = Debug;
		};
		203B9C8E1FDE741E00AA7B52 /* Release */ = {
			isa = XCBuildConfiguration;
			baseConfigurationReference = C077C1ED44DF300FB3EA3DD9 /* Pods-Dome.release.xcconfig */;
			buildSettings = {
				ASSETCATALOG_COMPILER_APPICON_NAME = AppIcon;
				CODE_SIGN_STYLE = Automatic;
				DEVELOPMENT_TEAM = 68T7C6BBM4;
				INFOPLIST_FILE = Dome/Info.plist;
				IPHONEOS_DEPLOYMENT_TARGET = 9.0;
				LD_RUNPATH_SEARCH_PATHS = "$(inherited) @executable_path/Frameworks";
				PRODUCT_BUNDLE_IDENTIFIER = SHCcgg.Dome;
				PRODUCT_NAME = "$(TARGET_NAME)";
				SWIFT_VERSION = 4.0;
				TARGETED_DEVICE_FAMILY = "1,2";
			};
			name = Release;
		};
/* End XCBuildConfiguration section */

/* Begin XCConfigurationList section */
		203B9C751FDE741E00AA7B52 /* Build configuration list for PBXProject "Dome" */ = {
			isa = XCConfigurationList;
			buildConfigurations = (
				203B9C8A1FDE741E00AA7B52 /* Debug */,
				203B9C8B1FDE741E00AA7B52 /* Release */,
			);
			defaultConfigurationIsVisible = 0;
			defaultConfigurationName = Release;
		};
		203B9C8C1FDE741E00AA7B52 /* Build configuration list for PBXNativeTarget "Dome" */ = {
			isa = XCConfigurationList;
			buildConfigurations = (
				203B9C8D1FDE741E00AA7B52 /* Debug */,
				203B9C8E1FDE741E00AA7B52 /* Release */,
			);
			defaultConfigurationIsVisible = 0;
			defaultConfigurationName = Release;
		};
/* End XCConfigurationList section */
	};
	rootObject = 203B9C721FDE741E00AA7B52 /* Project object */;
}
